
Microsoft Visual Studio Solution File, Format Version 12.00
# Visual Studio 14
VisualStudioVersion = 14.0.23107.0
MinimumVisualStudioVersion = 10.0.40219.1
Project("{FAE04EC0-301F-11D3-BF4B-00C04F79EFBC}") = "NflGame.Lib", "NflGame.Lib\NflGame.Lib.csproj", "{DD6D1027-064B-4716-B8F7-B450B67522A8}"
EndProject
Project("{FAE04EC0-301F-11D3-BF4B-00C04F79EFBC}") = "NflGame.Tests", "NflGame.Tests\NflGame.Tests.csproj", "{ED35EFF4-D876-4042-87E0-6DE1A5D19D84}"
EndProject
Global
	GlobalSection(SolutionConfigurationPlatforms) = preSolution
		Debug|Any CPU = Debug|Any CPU
		Release|Any CPU = Release|Any CPU
	EndGlobalSection
	GlobalSection(ProjectConfigurationPlatforms) = postSolution
		{DD6D1027-064B-4716-B8F7-B450B67522A8}.Debug|Any CPU.ActiveCfg = Debug|Any CPU
		{DD6D1027-064B-4716-B8F7-B450B67522A8}.Debug|Any CPU.Build.0 = Debug|Any CPU
		{DD6D1027-064B-4716-B8F7-B450B67522A8}.Release|Any CPU.ActiveCfg = Release|Any CPU
		{DD6D1027-064B-4716-B8F7-B450B67522A8}.Release|Any CPU.Build.0 = Release|Any CPU
		{ED35EFF4-D876-4042-87E0-6DE1A5D19D84}.Debug|Any CPU.ActiveCfg = Debug|Any CPU
		{ED35EFF4-D876-4042-87E0-6DE1A5D19D84}.Debug|Any CPU.Build.0 = Debug|Any CPU
		{ED35EFF4-D876-4042-87E0-6DE1A5D19D84}.Release|Any CPU.ActiveCfg = Release|Any CPU
		{ED35EFF4-D876-4042-87E0-6DE1A5D19D84}.Release|Any CPU.Build.0 = Release|Any CPU
	EndGlobalSection
	GlobalSection(SolutionProperties) = preSolution
		HideSolutionNode = FALSE
	EndGlobalSection
EndGlobal
